
Microsoft Visual Studio Solution File, Format Version 11.00
# Visual Studio 2010
Project("{E24C65DC-7377-472B-9ABA-BC803B73C61A}") = "client_meshSite", "client_meshSite\", "{860D19FF-49FF-4798-852B-E326B180C324}"
	ProjectSection(WebsiteProperties) = preProject
		TargetFrameworkMoniker = ".NETFramework,Version%3Dv4.0"
		Debug.AspNetCompiler.VirtualPath = "/client_meshSite"
		Debug.AspNetCompiler.PhysicalPath = "client_meshSite\"
		Debug.AspNetCompiler.TargetPath = "PrecompiledWeb\client_meshSite\"
		Debug.AspNetCompiler.Updateable = "true"
		Debug.AspNetCompiler.ForceOverwrite = "true"
		Debug.AspNetCompiler.FixedNames = "false"
		Debug.AspNetCompiler.Debug = "True"
		Release.AspNetCompiler.VirtualPath = "/client_meshSite"
		Release.AspNetCompiler.PhysicalPath = "client_meshSite\"
		Release.AspNetCompiler.TargetPath = "PrecompiledWeb\client_meshSite\"
		Release.AspNetCompiler.Updateable = "true"
		Release.AspNetCompiler.ForceOverwrite = "true"
		Release.AspNetCompiler.FixedNames = "false"
		Release.AspNetCompiler.Debug = "False"
		VWDPort = "2704"
		ProjOutputReferences = "{69f6dfe1-2abf-44b7-bd5c-acd9444af799}|ClientBin|false;"
	EndProjectSection
	ProjectSection(ProjectDependencies) = postProject
		{BA7C9746-CDD1-47F2-8184-06531C534F5E} = {BA7C9746-CDD1-47F2-8184-06531C534F5E}
	EndProjectSection
EndProject
Project("{FAE04EC0-301F-11D3-BF4B-00C04F79EFBC}") = "client_mesh", "client_mesh\client_mesh.csproj", "{69F6DFE1-2ABF-44B7-BD5C-ACD9444AF799}"
	ProjectSection(ProjectDependencies) = postProject
		{BA7C9746-CDD1-47F2-8184-06531C534F5E} = {BA7C9746-CDD1-47F2-8184-06531C534F5E}
	EndProjectSection
EndProject
Project("{FAE04EC0-301F-11D3-BF4B-00C04F79EFBC}") = "MyLiveMesh", "..\MyLiveMesh\MyLiveMesh.csproj", "{BA7C9746-CDD1-47F2-8184-06531C534F5E}"
EndProject
Global
	GlobalSection(SolutionConfigurationPlatforms) = preSolution
		Debug|Any CPU = Debug|Any CPU
		Debug|x86 = Debug|x86
		Release|Any CPU = Release|Any CPU
		Release|x86 = Release|x86
	EndGlobalSection
	GlobalSection(ProjectConfigurationPlatforms) = postSolution
		{860D19FF-49FF-4798-852B-E326B180C324}.Debug|Any CPU.ActiveCfg = Debug|Any CPU
		{860D19FF-49FF-4798-852B-E326B180C324}.Debug|Any CPU.Build.0 = Debug|Any CPU
		{860D19FF-49FF-4798-852B-E326B180C324}.Debug|x86.ActiveCfg = Debug|Any CPU
		{860D19FF-49FF-4798-852B-E326B180C324}.Debug|x86.Build.0 = Debug|Any CPU
		{860D19FF-49FF-4798-852B-E326B180C324}.Release|Any CPU.ActiveCfg = Release|Any CPU
		{860D19FF-49FF-4798-852B-E326B180C324}.Release|Any CPU.Build.0 = Release|Any CPU
		{860D19FF-49FF-4798-852B-E326B180C324}.Release|x86.ActiveCfg = Release|Any CPU
		{69F6DFE1-2ABF-44B7-BD5C-ACD9444AF799}.Debug|Any CPU.ActiveCfg = Debug|Any CPU
		{69F6DFE1-2ABF-44B7-BD5C-ACD9444AF799}.Debug|Any CPU.Build.0 = Debug|Any CPU
		{69F6DFE1-2ABF-44B7-BD5C-ACD9444AF799}.Debug|x86.ActiveCfg = Debug|Any CPU
		{69F6DFE1-2ABF-44B7-BD5C-ACD9444AF799}.Debug|x86.Build.0 = Debug|Any CPU
		{69F6DFE1-2ABF-44B7-BD5C-ACD9444AF799}.Release|Any CPU.ActiveCfg = Release|Any CPU
		{69F6DFE1-2ABF-44B7-BD5C-ACD9444AF799}.Release|Any CPU.Build.0 = Release|Any CPU
		{69F6DFE1-2ABF-44B7-BD5C-ACD9444AF799}.Release|x86.ActiveCfg = Release|x86
		{69F6DFE1-2ABF-44B7-BD5C-ACD9444AF799}.Release|x86.Build.0 = Release|x86
		{BA7C9746-CDD1-47F2-8184-06531C534F5E}.Debug|Any CPU.ActiveCfg = Debug|Any CPU
		{BA7C9746-CDD1-47F2-8184-06531C534F5E}.Debug|Any CPU.Build.0 = Debug|Any CPU
		{BA7C9746-CDD1-47F2-8184-06531C534F5E}.Debug|x86.ActiveCfg = Debug|Any CPU
		{BA7C9746-CDD1-47F2-8184-06531C534F5E}.Release|Any CPU.ActiveCfg = Release|Any CPU
		{BA7C9746-CDD1-47F2-8184-06531C534F5E}.Release|Any CPU.Build.0 = Release|Any CPU
		{BA7C9746-CDD1-47F2-8184-06531C534F5E}.Release|x86.ActiveCfg = Release|Any CPU
	EndGlobalSection
	GlobalSection(SolutionProperties) = preSolution
		HideSolutionNode = FALSE
	EndGlobalSection
EndGlobal
